
Microsoft Visual Studio Solution File, Format Version 12.00
# Visual Studio 15
Project("{FAE04EC0-301F-11D3-BF4B-00C04F79EFBC}") = "Unity.Recorder", "Unity.Recorder.csproj", "{0C2EC7B0-C6DF-FF69-D3A6-A977D97D601A}"
EndProject
Project("{FAE04EC0-301F-11D3-BF4B-00C04F79EFBC}") = "Assembly-CSharp", "Assembly-CSharp.csproj", "{5B78B3A0-057B-5C89-26A9-EE2405BE3172}"
EndProject
Project("{FAE04EC0-301F-11D3-BF4B-00C04F79EFBC}") = "Unity.Recorder.Samples", "Unity.Recorder.Samples.csproj", "{9EDA9C53-5FCB-9D3F-F42B-A76045860540}"
EndProject
Project("{FAE04EC0-301F-11D3-BF4B-00C04F79EFBC}") = "Unity.Recorder.Editor", "Unity.Recorder.Editor.csproj", "{B52D00AF-A689-94A4-3A5A-D74CD0C59692}"
EndProject
Global
	GlobalSection(SolutionConfigurationPlatforms) = preSolution
		Debug|Any CPU = Debug|Any CPU
		Release|Any CPU = Release|Any CPU
	EndGlobalSection
	GlobalSection(ProjectConfigurationPlatforms) = postSolution
		{0C2EC7B0-C6DF-FF69-D3A6-A977D97D601A}.Debug|Any CPU.ActiveCfg = Debug|Any CPU
		{0C2EC7B0-C6DF-FF69-D3A6-A977D97D601A}.Debug|Any CPU.Build.0 = Debug|Any CPU
		{0C2EC7B0-C6DF-FF69-D3A6-A977D97D601A}.Release|Any CPU.ActiveCfg = Release|Any CPU
		{0C2EC7B0-C6DF-FF69-D3A6-A977D97D601A}.Release|Any CPU.Build.0 = Release|Any CPU
		{5B78B3A0-057B-5C89-26A9-EE2405BE3172}.Debug|Any CPU.ActiveCfg = Debug|Any CPU
		{5B78B3A0-057B-5C89-26A9-EE2405BE3172}.Debug|Any CPU.Build.0 = Debug|Any CPU
		{5B78B3A0-057B-5C89-26A9-EE2405BE3172}.Release|Any CPU.ActiveCfg = Release|Any CPU
		{5B78B3A0-057B-5C89-26A9-EE2405BE3172}.Release|Any CPU.Build.0 = Release|Any CPU
		{9EDA9C53-5FCB-9D3F-F42B-A76045860540}.Debug|Any CPU.ActiveCfg = Debug|Any CPU
		{9EDA9C53-5FCB-9D3F-F42B-A76045860540}.Debug|Any CPU.Build.0 = Debug|Any CPU
		{9EDA9C53-5FCB-9D3F-F42B-A76045860540}.Release|Any CPU.ActiveCfg = Release|Any CPU
		{9EDA9C53-5FCB-9D3F-F42B-A76045860540}.Release|Any CPU.Build.0 = Release|Any CPU
		{B52D00AF-A689-94A4-3A5A-D74CD0C59692}.Debug|Any CPU.ActiveCfg = Debug|Any CPU
		{B52D00AF-A689-94A4-3A5A-D74CD0C59692}.Debug|Any CPU.Build.0 = Debug|Any CPU
		{B52D00AF-A689-94A4-3A5A-D74CD0C59692}.Release|Any CPU.ActiveCfg = Release|Any CPU
		{B52D00AF-A689-94A4-3A5A-D74CD0C59692}.Release|Any CPU.Build.0 = Release|Any CPU
	EndGlobalSection
	GlobalSection(SolutionProperties) = preSolution
		HideSolutionNode = FALSE
	EndGlobalSection
EndGlobal
